// !$*UTF8*$!
{
	archiveVersion = 1;
	classes = {
	};
	objectVersion = 50;
	objects = {

/* Begin PBXBuildFile section */
		568F92C723A32BBC00977F1B /* ImageCell.swift in Sources */ = {isa = PBXBuildFile; fileRef = 568F92C523A32BBC00977F1B /* ImageCell.swift */; };
		568F92C823A32BBC00977F1B /* ImageCell.xib in Resources */ = {isa = PBXBuildFile; fileRef = 568F92C623A32BBC00977F1B /* ImageCell.xib */; };
		568F92CB23A32BE800977F1B /* TextViewCell.swift in Sources */ = {isa = PBXBuildFile; fileRef = 568F92C923A32BE800977F1B /* TextViewCell.swift */; };
		568F92CC23A32BE800977F1B /* TextViewCell.xib in Resources */ = {isa = PBXBuildFile; fileRef = 568F92CA23A32BE800977F1B /* TextViewCell.xib */; };
		568F92CF23A32C0D00977F1B /* InfomationCell.swift in Sources */ = {isa = PBXBuildFile; fileRef = 568F92CD23A32C0D00977F1B /* InfomationCell.swift */; };
		568F92D023A32C0D00977F1B /* InfomationCell.xib in Resources */ = {isa = PBXBuildFile; fileRef = 568F92CE23A32C0D00977F1B /* InfomationCell.xib */; };
		56E09F6923A22D130046580D /* AppDelegate.swift in Sources */ = {isa = PBXBuildFile; fileRef = 56E09F6823A22D130046580D /* AppDelegate.swift */; };
		56E09F6B23A22D130046580D /* ViewController.swift in Sources */ = {isa = PBXBuildFile; fileRef = 56E09F6A23A22D130046580D /* ViewController.swift */; };
		56E09F6E23A22D130046580D /* Main.storyboard in Resources */ = {isa = PBXBuildFile; fileRef = 56E09F6C23A22D130046580D /* Main.storyboard */; };
		56E09F7023A22D140046580D /* Assets.xcassets in Resources */ = {isa = PBXBuildFile; fileRef = 56E09F6F23A22D140046580D /* Assets.xcassets */; };
		56E09F7323A22D140046580D /* LaunchScreen.storyboard in Resources */ = {isa = PBXBuildFile; fileRef = 56E09F7123A22D140046580D /* LaunchScreen.storyboard */; };
		56E09F7C23A22D3C0046580D /* PlanesList.plist in Resources */ = {isa = PBXBuildFile; fileRef = 56E09F7B23A22D3C0046580D /* PlanesList.plist */; };
		56E09F7E23A235640046580D /* Airlines.swift in Sources */ = {isa = PBXBuildFile; fileRef = 56E09F7D23A235640046580D /* Airlines.swift */; };
		56E09F8123A2360D0046580D /* TableViewCell.swift in Sources */ = {isa = PBXBuildFile; fileRef = 56E09F8023A2360D0046580D /* TableViewCell.swift */; };
		56E09F8323A236140046580D /* TableViewCell.xib in Resources */ = {isa = PBXBuildFile; fileRef = 56E09F8223A236140046580D /* TableViewCell.xib */; };
		56E09F8523A2365D0046580D /* UIView + Extension.swift in Sources */ = {isa = PBXBuildFile; fileRef = 56E09F8423A2365D0046580D /* UIView + Extension.swift */; };
		56E09F9023A2368D0046580D /* 717.jpg in Resources */ = {isa = PBXBuildFile; fileRef = 56E09F8723A2368D0046580D /* 717.jpg */; };
		56E09F9123A2368D0046580D /* 787.jpg in Resources */ = {isa = PBXBuildFile; fileRef = 56E09F8823A2368D0046580D /* 787.jpg */; };
		56E09F9223A2368D0046580D /* 737.jpg in Resources */ = {isa = PBXBuildFile; fileRef = 56E09F8923A2368D0046580D /* 737.jpg */; };
		56E09F9323A2368D0046580D /* 767.jpg in Resources */ = {isa = PBXBuildFile; fileRef = 56E09F8A23A2368D0046580D /* 767.jpg */; };
		56E09F9423A2368D0046580D /* 747.jpg in Resources */ = {isa = PBXBuildFile; fileRef = 56E09F8B23A2368D0046580D /* 747.jpg */; };
		56E09F9523A2368D0046580D /* 707.jpg in Resources */ = {isa = PBXBuildFile; fileRef = 56E09F8C23A2368D0046580D /* 707.jpg */; };
		56E09F9623A2368D0046580D /* 757.jpg in Resources */ = {isa = PBXBuildFile; fileRef = 56E09F8D23A2368D0046580D /* 757.jpg */; };
		56E09F9723A2368D0046580D /* 727.jpg in Resources */ = {isa = PBXBuildFile; fileRef = 56E09F8E23A2368D0046580D /* 727.jpg */; };
		56E09F9823A2368D0046580D /* 777.jpg in Resources */ = {isa = PBXBuildFile; fileRef = 56E09F8F23A2368D0046580D /* 777.jpg */; };
/* End PBXBuildFile section */

/* Begin PBXFileReference section */
		568F92C523A32BBC00977F1B /* ImageCell.swift */ = {isa = PBXFileReference; lastKnownFileType = sourcecode.swift; path = ImageCell.swift; sourceTree = "<group>"; };
		568F92C623A32BBC00977F1B /* ImageCell.xib */ = {isa = PBXFileReference; lastKnownFileType = file.xib; path = ImageCell.xib; sourceTree = "<group>"; };
		568F92C923A32BE800977F1B /* TextViewCell.swift */ = {isa = PBXFileReference; lastKnownFileType = sourcecode.swift; path = TextViewCell.swift; sourceTree = "<group>"; };
		568F92CA23A32BE800977F1B /* TextViewCell.xib */ = {isa = PBXFileReference; lastKnownFileType = file.xib; path = TextViewCell.xib; sourceTree = "<group>"; };
		568F92CD23A32C0D00977F1B /* InfomationCell.swift */ = {isa = PBXFileReference; lastKnownFileType = sourcecode.swift; path = InfomationCell.swift; sourceTree = "<group>"; };
		568F92CE23A32C0D00977F1B /* InfomationCell.xib */ = {isa = PBXFileReference; lastKnownFileType = file.xib; path = InfomationCell.xib; sourceTree = "<group>"; };
		56E09F6523A22D130046580D /* The Airliners v.3.app */ = {isa = PBXFileReference; explicitFileType = wrapper.application; includeInIndex = 0; path = "The Airliners v.3.app"; sourceTree = BUILT_PRODUCTS_DIR; };
		56E09F6823A22D130046580D /* AppDelegate.swift */ = {isa = PBXFileReference; lastKnownFileType = sourcecode.swift; path = AppDelegate.swift; sourceTree = "<group>"; };
		56E09F6A23A22D130046580D /* ViewController.swift */ = {isa = PBXFileReference; lastKnownFileType = sourcecode.swift; path = ViewController.swift; sourceTree = "<group>"; };
		56E09F6D23A22D130046580D /* Base */ = {isa = PBXFileReference; lastKnownFileType = file.storyboard; name = Base; path = Base.lproj/Main.storyboard; sourceTree = "<group>"; };
		56E09F6F23A22D140046580D /* Assets.xcassets */ = {isa = PBXFileReference; lastKnownFileType = folder.assetcatalog; path = Assets.xcassets; sourceTree = "<group>"; };
		56E09F7223A22D140046580D /* Base */ = {isa = PBXFileReference; lastKnownFileType = file.storyboard; name = Base; path = Base.lproj/LaunchScreen.storyboard; sourceTree = "<group>"; };
		56E09F7423A22D140046580D /* Info.plist */ = {isa = PBXFileReference; lastKnownFileType = text.plist.xml; path = Info.plist; sourceTree = "<group>"; };
		56E09F7B23A22D3C0046580D /* PlanesList.plist */ = {isa = PBXFileReference; fileEncoding = 4; lastKnownFileType = text.plist.xml; path = PlanesList.plist; sourceTree = "<group>"; };
		56E09F7D23A235640046580D /* Airlines.swift */ = {isa = PBXFileReference; lastKnownFileType = sourcecode.swift; path = Airlines.swift; sourceTree = "<group>"; };
		56E09F8023A2360D0046580D /* TableViewCell.swift */ = {isa = PBXFileReference; fileEncoding = 4; lastKnownFileType = sourcecode.swift; path = TableViewCell.swift; sourceTree = "<group>"; };
		56E09F8223A236140046580D /* TableViewCell.xib */ = {isa = PBXFileReference; fileEncoding = 4; lastKnownFileType = file.xib; path = TableViewCell.xib; sourceTree = "<group>"; };
		56E09F8423A2365D0046580D /* UIView + Extension.swift */ = {isa = PBXFileReference; fileEncoding = 4; lastKnownFileType = sourcecode.swift; path = "UIView + Extension.swift"; sourceTree = "<group>"; };
		56E09F8723A2368D0046580D /* 717.jpg */ = {isa = PBXFileReference; lastKnownFileType = image.jpeg; path = 717.jpg; sourceTree = "<group>"; };
		56E09F8823A2368D0046580D /* 787.jpg */ = {isa = PBXFileReference; lastKnownFileType = image.jpeg; path = 787.jpg; sourceTree = "<group>"; };
		56E09F8923A2368D0046580D /* 737.jpg */ = {isa = PBXFileReference; lastKnownFileType = image.jpeg; path = 737.jpg; sourceTree = "<group>"; };
		56E09F8A23A2368D0046580D /* 767.jpg */ = {isa = PBXFileReference; lastKnownFileType = image.jpeg; path = 767.jpg; sourceTree = "<group>"; };
		56E09F8B23A2368D0046580D /* 747.jpg */ = {isa = PBXFileReference; lastKnownFileType = image.jpeg; path = 747.jpg; sourceTree = "<group>"; };
		56E09F8C23A2368D0046580D /* 707.jpg */ = {isa = PBXFileReference; lastKnownFileType = image.jpeg; path = 707.jpg; sourceTree = "<group>"; };
		56E09F8D23A2368D0046580D /* 757.jpg */ = {isa = PBXFileReference; lastKnownFileType = image.jpeg; path = 757.jpg; sourceTree = "<group>"; };
		56E09F8E23A2368D0046580D /* 727.jpg */ = {isa = PBXFileReference; lastKnownFileType = image.jpeg; path = 727.jpg; sourceTree = "<group>"; };
		56E09F8F23A2368D0046580D /* 777.jpg */ = {isa = PBXFileReference; lastKnownFileType = image.jpeg; path = 777.jpg; sourceTree = "<group>"; };
/* End PBXFileReference section */

/* Begin PBXFrameworksBuildPhase section */
		56E09F6223A22D130046580D /* Frameworks */ = {
			isa = PBXFrameworksBuildPhase;
			buildActionMask = 2147483647;
			files = (
			);
			runOnlyForDeploymentPostprocessing = 0;
		};
/* End PBXFrameworksBuildPhase section */

/* Begin PBXGroup section */
		56E09F5C23A22D130046580D = {
			isa = PBXGroup;
			children = (
				56E09F6723A22D130046580D /* The Airliners v.3 */,
				56E09F6623A22D130046580D /* Products */,
			);
			sourceTree = "<group>";
		};
		56E09F6623A22D130046580D /* Products */ = {
			isa = PBXGroup;
			children = (
				56E09F6523A22D130046580D /* The Airliners v.3.app */,
			);
			name = Products;
			sourceTree = "<group>";
		};
		56E09F6723A22D130046580D /* The Airliners v.3 */ = {
			isa = PBXGroup;
			children = (
				56E09F6823A22D130046580D /* AppDelegate.swift */,
				56E09F7A23A22D2C0046580D /* Soure */,
				56E09F6A23A22D130046580D /* ViewController.swift */,
				56E09F7F23A236030046580D /* Cell */,
				56E09F8423A2365D0046580D /* UIView + Extension.swift */,
				56E09F8623A236780046580D /* PlancePhoto */,
				56E09F6C23A22D130046580D /* Main.storyboard */,
				56E09F6F23A22D140046580D /* Assets.xcassets */,
				56E09F7123A22D140046580D /* LaunchScreen.storyboard */,
				56E09F7423A22D140046580D /* Info.plist */,
			);
			path = "The Airliners v.3";
			sourceTree = "<group>";
		};
		56E09F7A23A22D2C0046580D /* Soure */ = {
			isa = PBXGroup;
			children = (
				56E09F7B23A22D3C0046580D /* PlanesList.plist */,
				56E09F7D23A235640046580D /* Airlines.swift */,
			);
			path = Soure;
			sourceTree = "<group>";
		};
		56E09F7F23A236030046580D /* Cell */ = {
			isa = PBXGroup;
			children = (
				56E09F8023A2360D0046580D /* TableViewCell.swift */,
				56E09F8223A236140046580D /* TableViewCell.xib */,
				568F92C523A32BBC00977F1B /* ImageCell.swift */,
				568F92C623A32BBC00977F1B /* ImageCell.xib */,
				568F92C923A32BE800977F1B /* TextViewCell.swift */,
				568F92CA23A32BE800977F1B /* TextViewCell.xib */,
				568F92CD23A32C0D00977F1B /* InfomationCell.swift */,
				568F92CE23A32C0D00977F1B /* InfomationCell.xib */,
			);
			path = Cell;
			sourceTree = "<group>";
		};
		56E09F8623A236780046580D /* PlancePhoto */ = {
			isa = PBXGroup;
			children = (
				56E09F8C23A2368D0046580D /* 707.jpg */,
				56E09F8723A2368D0046580D /* 717.jpg */,
				56E09F8E23A2368D0046580D /* 727.jpg */,
				56E09F8923A2368D0046580D /* 737.jpg */,
				56E09F8B23A2368D0046580D /* 747.jpg */,
				56E09F8D23A2368D0046580D /* 757.jpg */,
				56E09F8A23A2368D0046580D /* 767.jpg */,
				56E09F8F23A2368D0046580D /* 777.jpg */,
				56E09F8823A2368D0046580D /* 787.jpg */,
			);
			path = PlancePhoto;
			sourceTree = "<group>";
		};
/* End PBXGroup section */

/* Begin PBXNativeTarget section */
		56E09F6423A22D130046580D /* The Airliners v.3 */ = {
			isa = PBXNativeTarget;
			buildConfigurationList = 56E09F7723A22D140046580D /* Build configuration list for PBXNativeTarget "The Airliners v.3" */;
			buildPhases = (
				56E09F6123A22D130046580D /* Sources */,
				56E09F6223A22D130046580D /* Frameworks */,
				56E09F6323A22D130046580D /* Resources */,
			);
			buildRules = (
			);
			dependencies = (
			);
			name = "The Airliners v.3";
			productName = "The Airliners v.3";
			productReference = 56E09F6523A22D130046580D /* The Airliners v.3.app */;
			productType = "com.apple.product-type.application";
		};
/* End PBXNativeTarget section */

/* Begin PBXProject section */
		56E09F5D23A22D130046580D /* Project object */ = {
			isa = PBXProject;
			attributes = {
				LastSwiftUpdateCheck = 1010;
				LastUpgradeCheck = 1010;
				ORGANIZATIONNAME = VuTQ10;
				TargetAttributes = {
					56E09F6423A22D130046580D = {
						CreatedOnToolsVersion = 10.1;
					};
				};
			};
			buildConfigurationList = 56E09F6023A22D130046580D /* Build configuration list for PBXProject "The Airliners v.3" */;
			compatibilityVersion = "Xcode 9.3";
			developmentRegion = en;
			hasScannedForEncodings = 0;
			knownRegions = (
				en,
				Base,
			);
			mainGroup = 56E09F5C23A22D130046580D;
			productRefGroup = 56E09F6623A22D130046580D /* Products */;
			projectDirPath = "";
			projectRoot = "";
			targets = (
				56E09F6423A22D130046580D /* The Airliners v.3 */,
			);
		};
/* End PBXProject section */

/* Begin PBXResourcesBuildPhase section */
		56E09F6323A22D130046580D /* Resources */ = {
			isa = PBXResourcesBuildPhase;
			buildActionMask = 2147483647;
			files = (
				56E09F7323A22D140046580D /* LaunchScreen.storyboard in Resources */,
				568F92CC23A32BE800977F1B /* TextViewCell.xib in Resources */,
				56E09F8323A236140046580D /* TableViewCell.xib in Resources */,
				56E09F9423A2368D0046580D /* 747.jpg in Resources */,
				568F92C823A32BBC00977F1B /* ImageCell.xib in Resources */,
				56E09F7C23A22D3C0046580D /* PlanesList.plist in Resources */,
				56E09F9523A2368D0046580D /* 707.jpg in Resources */,
				56E09F9023A2368D0046580D /* 717.jpg in Resources */,
				56E09F7023A22D140046580D /* Assets.xcassets in Resources */,
				56E09F9723A2368D0046580D /* 727.jpg in Resources */,
				56E09F6E23A22D130046580D /* Main.storyboard in Resources */,
				56E09F9323A2368D0046580D /* 767.jpg in Resources */,
				568F92D023A32C0D00977F1B /* InfomationCell.xib in Resources */,
				56E09F9623A2368D0046580D /* 757.jpg in Resources */,
				56E09F9823A2368D0046580D /* 777.jpg in Resources */,
				56E09F9123A2368D0046580D /* 787.jpg in Resources */,
				56E09F9223A2368D0046580D /* 737.jpg in Resources */,
			);
			runOnlyForDeploymentPostprocessing = 0;
		};
/* End PBXResourcesBuildPhase section */

/* Begin PBXSourcesBuildPhase section */
		56E09F6123A22D130046580D /* Sources */ = {
			isa = PBXSourcesBuildPhase;
			buildActionMask = 2147483647;
			files = (
				56E09F7E23A235640046580D /* Airlines.swift in Sources */,
				56E09F8123A2360D0046580D /* TableViewCell.swift in Sources */,
				56E09F6B23A22D130046580D /* ViewController.swift in Sources */,
				568F92CF23A32C0D00977F1B /* InfomationCell.swift in Sources */,
				56E09F8523A2365D0046580D /* UIView + Extension.swift in Sources */,
				56E09F6923A22D130046580D /* AppDelegate.swift in Sources */,
				568F92C723A32BBC00977F1B /* ImageCell.swift in Sources */,
				568F92CB23A32BE800977F1B /* TextViewCell.swift in Sources */,
			);
			runOnlyForDeploymentPostprocessing = 0;
		};
/* End PBXSourcesBuildPhase section */

/* Begin PBXVariantGroup section */
		56E09F6C23A22D130046580D /* Main.storyboard */ = {
			isa = PBXVariantGroup;
			children = (
				56E09F6D23A22D130046580D /* Base */,
			);
			name = Main.storyboard;
			sourceTree = "<group>";
		};
		56E09F7123A22D140046580D /* LaunchScreen.storyboard */ = {
			isa = PBXVariantGroup;
			children = (
				56E09F7223A22D140046580D /* Base */,
			);
			name = LaunchScreen.storyboard;
			sourceTree = "<group>";
		};
/* End PBXVariantGroup section */

/* Begin XCBuildConfiguration section */
		56E09F7523A22D140046580D /* Debug */ = {
			isa = XCBuildConfiguration;
			buildSettings = {
				ALWAYS_SEARCH_USER_PATHS = NO;
				CLANG_ANALYZER_NONNULL = YES;
				CLANG_ANALYZER_NUMBER_OBJECT_CONVERSION = YES_AGGRESSIVE;
				CLANG_CXX_LANGUAGE_STANDARD = "gnu++14";
				CLANG_CXX_LIBRARY = "libc++";
				CLANG_ENABLE_MODULES = YES;
				CLANG_ENABLE_OBJC_ARC = YES;
				CLANG_ENABLE_OBJC_WEAK = YES;
				CLANG_WARN_BLOCK_CAPTURE_AUTORELEASING = YES;
				CLANG_WARN_BOOL_CONVERSION = YES;
				CLANG_WARN_COMMA = YES;
				CLANG_WARN_CONSTANT_CONVERSION = YES;
				CLANG_WARN_DEPRECATED_OBJC_IMPLEMENTATIONS = YES;
				CLANG_WARN_DIRECT_OBJC_ISA_USAGE = YES_ERROR;
				CLANG_WARN_DOCUMENTATION_COMMENTS = YES;
				CLANG_WARN_EMPTY_BODY = YES;
				CLANG_WARN_ENUM_CONVERSION = YES;
				CLANG_WARN_INFINITE_RECURSION = YES;
				CLANG_WARN_INT_CONVERSION = YES;
				CLANG_WARN_NON_LITERAL_NULL_CONVERSION = YES;
				CLANG_WARN_OBJC_IMPLICIT_RETAIN_SELF = YES;
				CLANG_WARN_OBJC_LITERAL_CONVERSION = YES;
				CLANG_WARN_OBJC_ROOT_CLASS = YES_ERROR;
				CLANG_WARN_RANGE_LOOP_ANALYSIS = YES;
				CLANG_WARN_STRICT_PROTOTYPES = YES;
				CLANG_WARN_SUSPICIOUS_MOVE = YES;
				CLANG_WARN_UNGUARDED_AVAILABILITY = YES_AGGRESSIVE;
				CLANG_WARN_UNREACHABLE_CODE = YES;
				CLANG_WARN__DUPLICATE_METHOD_MATCH = YES;
				CODE_SIGN_IDENTITY = "iPhone Developer";
				COPY_PHASE_STRIP = NO;
				DEBUG_INFORMATION_FORMAT = dwarf;
				ENABLE_STRICT_OBJC_MSGSEND = YES;
				ENABLE_TESTABILITY = YES;
				GCC_C_LANGUAGE_STANDARD = gnu11;
				GCC_DYNAMIC_NO_PIC = NO;
				GCC_NO_COMMON_BLOCKS = YES;
				GCC_OPTIMIZATION_LEVEL = 0;
				GCC_PREPROCESSOR_DEFINITIONS = (
					"DEBUG=1",
					"$(inherited)",
				);
				GCC_WARN_64_TO_32_BIT_CONVERSION = YES;
				GCC_WARN_ABOUT_RETURN_TYPE = YES_ERROR;
				GCC_WARN_UNDECLARED_SELECTOR = YES;
				GCC_WARN_UNINITIALIZED_AUTOS = YES_AGGRESSIVE;
				GCC_WARN_UNUSED_FUNCTION = YES;
				GCC_WARN_UNUSED_VARIABLE = YES;
				IPHONEOS_DEPLOYMENT_TARGET = 12.1;
				MTL_ENABLE_DEBUG_INFO = INCLUDE_SOURCE;
				MTL_FAST_MATH = YES;
				ONLY_ACTIVE_ARCH = YES;
				SDKROOT = iphoneos;
				SWIFT_ACTIVE_COMPILATION_CONDITIONS = DEBUG;
				SWIFT_OPTIMIZATION_LEVEL = "-Onone";
			};
			name = Debug;
		};
		56E09F7623A22D140046580D /* Release */ = {
			isa = XCBuildConfiguration;
			buildSettings = {
				ALWAYS_SEARCH_USER_PATHS = NO;
				CLANG_ANALYZER_NONNULL = YES;
				CLANG_ANALYZER_NUMBER_OBJECT_CONVERSION = YES_AGGRESSIVE;
				CLANG_CXX_LANGUAGE_STANDARD = "gnu++14";
				CLANG_CXX_LIBRARY = "libc++";
				CLANG_ENABLE_MODULES = YES;
				CLANG_ENABLE_OBJC_ARC = YES;
				CLANG_ENABLE_OBJC_WEAK = YES;
				CLANG_WARN_BLOCK_CAPTURE_AUTORELEASING = YES;
				CLANG_WARN_BOOL_CONVERSION = YES;
				CLANG_WARN_COMMA = YES;
				CLANG_WARN_CONSTANT_CONVERSION = YES;
				CLANG_WARN_DEPRECATED_OBJC_IMPLEMENTATIONS = YES;
				CLANG_WARN_DIRECT_OBJC_ISA_USAGE = YES_ERROR;
				CLANG_WARN_DOCUMENTATION_COMMENTS = YES;
				CLANG_WARN_EMPTY_BODY = YES;
				CLANG_WARN_ENUM_CONVERSION = YES;
				CLANG_WARN_INFINITE_RECURSION = YES;
				CLANG_WARN_INT_CONVERSION = YES;
				CLANG_WARN_NON_LITERAL_NULL_CONVERSION = YES;
				CLANG_WARN_OBJC_IMPLICIT_RETAIN_SELF = YES;
				CLANG_WARN_OBJC_LITERAL_CONVERSION = YES;
				CLANG_WARN_OBJC_ROOT_CLASS = YES_ERROR;
				CLANG_WARN_RANGE_LOOP_ANALYSIS = YES;
				CLANG_WARN_STRICT_PROTOTYPES = YES;
				CLANG_WARN_SUSPICIOUS_MOVE = YES;
				CLANG_WARN_UNGUARDED_AVAILABILITY = YES_AGGRESSIVE;
				CLANG_WARN_UNREACHABLE_CODE = YES;
				CLANG_WARN__DUPLICATE_METHOD_MATCH = YES;
				CODE_SIGN_IDENTITY = "iPhone Developer";
				COPY_PHASE_STRIP = NO;
				DEBUG_INFORMATION_FORMAT = "dwarf-with-dsym";
				ENABLE_NS_ASSERTIONS = NO;
				ENABLE_STRICT_OBJC_MSGSEND = YES;
				GCC_C_LANGUAGE_STANDARD = gnu11;
				GCC_NO_COMMON_BLOCKS = YES;
				GCC_WARN_64_TO_32_BIT_CONVERSION = YES;
				GCC_WARN_ABOUT_RETURN_TYPE = YES_ERROR;
				GCC_WARN_UNDECLARED_SELECTOR = YES;
				GCC_WARN_UNINITIALIZED_AUTOS = YES_AGGRESSIVE;
				GCC_WARN_UNUSED_FUNCTION = YES;
				GCC_WARN_UNUSED_VARIABLE = YES;
				IPHONEOS_DEPLOYMENT_TARGET = 12.1;
				MTL_ENABLE_DEBUG_INFO = NO;
				MTL_FAST_MATH = YES;
				SDKROOT = iphoneos;
				SWIFT_COMPILATION_MODE = wholemodule;
				SWIFT_OPTIMIZATION_LEVEL = "-O";
				VALIDATE_PRODUCT = YES;
			};
			name = Release;
		};
		56E09F7823A22D140046580D /* Debug */ = {
			isa = XCBuildConfiguration;
			buildSettings = {
				ASSETCATALOG_COMPILER_APPICON_NAME = AppIcon;
				CODE_SIGN_STYLE = Automatic;
				INFOPLIST_FILE = "The Airliners v.3/Info.plist";
				LD_RUNPATH_SEARCH_PATHS = (
					"$(inherited)",
					"@executable_path/Frameworks",
				);
				PRODUCT_BUNDLE_IDENTIFIER = "-.The-Airliners-v-3";
				PRODUCT_NAME = "$(TARGET_NAME)";
				SWIFT_VERSION = 4.2;
				TARGETED_DEVICE_FAMILY = "1,2";
			};
			name = Debug;
		};
		56E09F7923A22D140046580D /* Release */ = {
			isa = XCBuildConfiguration;
			buildSettings = {
				ASSETCATALOG_COMPILER_APPICON_NAME = AppIcon;
				CODE_SIGN_STYLE = Automatic;
				INFOPLIST_FILE = "The Airliners v.3/Info.plist";
				LD_RUNPATH_SEARCH_PATHS = (
					"$(inherited)",
					"@executable_path/Frameworks",
				);
				PRODUCT_BUNDLE_IDENTIFIER = "-.The-Airliners-v-3";
				PRODUCT_NAME = "$(TARGET_NAME)";
				SWIFT_VERSION = 4.2;
				TARGETED_DEVICE_FAMILY = "1,2";
			};
			name = Release;
		};
/* End XCBuildConfiguration section */

/* Begin XCConfigurationList section */
		56E09F6023A22D130046580D /* Build configuration list for PBXProject "The Airliners v.3" */ = {
			isa = XCConfigurationList;
			buildConfigurations = (
				56E09F7523A22D140046580D /* Debug */,
				56E09F7623A22D140046580D /* Release */,
			);
			defaultConfigurationIsVisible = 0;
			defaultConfigurationName = Release;
		};
		56E09F7723A22D140046580D /* Build configuration list for PBXNativeTarget "The Airliners v.3" */ = {
			isa = XCConfigurationList;
			buildConfigurations = (
				56E09F7823A22D140046580D /* Debug */,
				56E09F7923A22D140046580D /* Release */,
			);
			defaultConfigurationIsVisible = 0;
			defaultConfigurationName = Release;
		};
/* End XCConfigurationList section */
	};
	rootObject = 56E09F5D23A22D130046580D /* Project object */;
}
